
Microsoft Visual Studio Solution File, Format Version 12.00
# Visual Studio Version 16
VisualStudioVersion = 16.0.28922.388
MinimumVisualStudioVersion = 10.0.40219.1
Project("{9A19103F-16F7-4668-BE54-9A1E7A4F7556}") = "ServerlessFunc", "ServerlessFunc\ServerlessFunc.csproj", "{02100196-264F-4DFD-A83A-C970B529876D}"
EndProject
Global
	GlobalSection(SolutionConfigurationPlatforms) = preSolution
		Debug|Any CPU = Debug|Any CPU
		Release|Any CPU = Release|Any CPU
	EndGlobalSection
	GlobalSection(ProjectConfigurationPlatforms) = postSolution
		{02100196-264F-4DFD-A83A-C970B529876D}.Debug|Any CPU.ActiveCfg = Debug|Any CPU
		{02100196-264F-4DFD-A83A-C970B529876D}.Debug|Any CPU.Build.0 = Debug|Any CPU
		{02100196-264F-4DFD-A83A-C970B529876D}.Release|Any CPU.ActiveCfg = Release|Any CPU
		{02100196-264F-4DFD-A83A-C970B529876D}.Release|Any CPU.Build.0 = Release|Any CPU
	EndGlobalSection
	GlobalSection(SolutionProperties) = preSolution
		HideSolutionNode = FALSE
	EndGlobalSection
	GlobalSection(ExtensibilityGlobals) = postSolution
		SolutionGuid = {19525454-906C-4DE0-BB75-572A16305986}
	EndGlobalSection
EndGlobal
